
Microsoft Visual Studio Solution File, Format Version 12.00
# Visual Studio 14
VisualStudioVersion = 14.0.24720.0
MinimumVisualStudioVersion = 10.0.40219.1
Project("{FAE04EC0-301F-11D3-BF4B-00C04F79EFBC}") = "ComNet", "ComNet\ComNet.csproj", "{9FE3A3A7-D22B-47AC-8722-098B450A5D49}"
EndProject
Project("{FAE04EC0-301F-11D3-BF4B-00C04F79EFBC}") = "Logger", "..\SubModules\Logger\Logger.csproj", "{91CB33D0-6487-40E1-AD0A-D6B0EAB4BBB0}"
EndProject
Project("{FAE04EC0-301F-11D3-BF4B-00C04F79EFBC}") = "ErrorCatcher", "..\SubModules\ErrorCatcher\ErrorCatcher.csproj", "{12D51598-C874-4392-BF17-DB3610F80B37}"
EndProject
Global
	GlobalSection(SolutionConfigurationPlatforms) = preSolution
		Debug|Any CPU = Debug|Any CPU
		Release|Any CPU = Release|Any CPU
	EndGlobalSection
	GlobalSection(ProjectConfigurationPlatforms) = postSolution
		{9FE3A3A7-D22B-47AC-8722-098B450A5D49}.Debug|Any CPU.ActiveCfg = Debug|Any CPU
		{9FE3A3A7-D22B-47AC-8722-098B450A5D49}.Debug|Any CPU.Build.0 = Debug|Any CPU
		{9FE3A3A7-D22B-47AC-8722-098B450A5D49}.Release|Any CPU.ActiveCfg = Release|Any CPU
		{9FE3A3A7-D22B-47AC-8722-098B450A5D49}.Release|Any CPU.Build.0 = Release|Any CPU
		{91CB33D0-6487-40E1-AD0A-D6B0EAB4BBB0}.Debug|Any CPU.ActiveCfg = Debug|Any CPU
		{91CB33D0-6487-40E1-AD0A-D6B0EAB4BBB0}.Debug|Any CPU.Build.0 = Debug|Any CPU
		{91CB33D0-6487-40E1-AD0A-D6B0EAB4BBB0}.Release|Any CPU.ActiveCfg = Release|Any CPU
		{91CB33D0-6487-40E1-AD0A-D6B0EAB4BBB0}.Release|Any CPU.Build.0 = Release|Any CPU
		{12D51598-C874-4392-BF17-DB3610F80B37}.Debug|Any CPU.ActiveCfg = Debug|Any CPU
		{12D51598-C874-4392-BF17-DB3610F80B37}.Debug|Any CPU.Build.0 = Debug|Any CPU
		{12D51598-C874-4392-BF17-DB3610F80B37}.Release|Any CPU.ActiveCfg = Release|Any CPU
		{12D51598-C874-4392-BF17-DB3610F80B37}.Release|Any CPU.Build.0 = Release|Any CPU
	EndGlobalSection
	GlobalSection(SolutionProperties) = preSolution
		HideSolutionNode = FALSE
	EndGlobalSection
EndGlobal
