
Microsoft Visual Studio Solution File, Format Version 12.00
# Visual Studio 14
VisualStudioVersion = 14.0.24720.0
MinimumVisualStudioVersion = 10.0.40219.1
Project("{FAE04EC0-301F-11D3-BF4B-00C04F79EFBC}") = "ComNet", "ComNet\ComNet.csproj", "{9FE3A3A7-D22B-47AC-8722-098B450A5D49}"
EndProject
Project("{FAE04EC0-301F-11D3-BF4B-00C04F79EFBC}") = "Logger", "..\SubModules\Logger\Logger.csproj", "{91CB33D0-6487-40E1-AD0A-D6B0EAB4BBB0}"
EndProject
Project("{FAE04EC0-301F-11D3-BF4B-00C04F79EFBC}") = "ErrorCatcher", "..\SubModules\ErrorCatcher\ErrorCatcher.csproj", "{12D51598-C874-4392-BF17-DB3610F80B37}"
EndProject
Project("{FAE04EC0-301F-11D3-BF4B-00C04F79EFBC}") = "DataAccessLayer", "DataAccessLayer\DataAccessLayer.csproj", "{AED81C42-FC20-449B-BCC8-F9A531CF977E}"
EndProject
Project("{FAE04EC0-301F-11D3-BF4B-00C04F79EFBC}") = "IBusinessLogicLayer", "IBusinessLogicLayer\IBusinessLogicLayer.csproj", "{181B7FE6-9449-4D6C-A4B0-76C187A2C278}"
EndProject
Project("{FAE04EC0-301F-11D3-BF4B-00C04F79EFBC}") = "CustomExtensions", "CustomExtensions\CustomExtensions.csproj", "{94642602-F97A-4C92-AE4F-BEF69169B1DD}"
EndProject
Project("{FAE04EC0-301F-11D3-BF4B-00C04F79EFBC}") = "UserAreaTest", "UserAreaTest\UserAreaTest.csproj", "{CF2EB6FA-7463-4B1A-8883-733E8EEF692D}"
EndProject
Global
	GlobalSection(SolutionConfigurationPlatforms) = preSolution
		Debug|Any CPU = Debug|Any CPU
		Release|Any CPU = Release|Any CPU
	EndGlobalSection
	GlobalSection(ProjectConfigurationPlatforms) = postSolution
		{9FE3A3A7-D22B-47AC-8722-098B450A5D49}.Debug|Any CPU.ActiveCfg = Debug|Any CPU
		{9FE3A3A7-D22B-47AC-8722-098B450A5D49}.Debug|Any CPU.Build.0 = Debug|Any CPU
		{9FE3A3A7-D22B-47AC-8722-098B450A5D49}.Release|Any CPU.ActiveCfg = Release|Any CPU
		{9FE3A3A7-D22B-47AC-8722-098B450A5D49}.Release|Any CPU.Build.0 = Release|Any CPU
		{91CB33D0-6487-40E1-AD0A-D6B0EAB4BBB0}.Debug|Any CPU.ActiveCfg = Debug|Any CPU
		{91CB33D0-6487-40E1-AD0A-D6B0EAB4BBB0}.Debug|Any CPU.Build.0 = Debug|Any CPU
		{91CB33D0-6487-40E1-AD0A-D6B0EAB4BBB0}.Release|Any CPU.ActiveCfg = Release|Any CPU
		{91CB33D0-6487-40E1-AD0A-D6B0EAB4BBB0}.Release|Any CPU.Build.0 = Release|Any CPU
		{12D51598-C874-4392-BF17-DB3610F80B37}.Debug|Any CPU.ActiveCfg = Debug|Any CPU
		{12D51598-C874-4392-BF17-DB3610F80B37}.Debug|Any CPU.Build.0 = Debug|Any CPU
		{12D51598-C874-4392-BF17-DB3610F80B37}.Release|Any CPU.ActiveCfg = Release|Any CPU
		{12D51598-C874-4392-BF17-DB3610F80B37}.Release|Any CPU.Build.0 = Release|Any CPU
		{AED81C42-FC20-449B-BCC8-F9A531CF977E}.Debug|Any CPU.ActiveCfg = Debug|Any CPU
		{AED81C42-FC20-449B-BCC8-F9A531CF977E}.Debug|Any CPU.Build.0 = Debug|Any CPU
		{AED81C42-FC20-449B-BCC8-F9A531CF977E}.Release|Any CPU.ActiveCfg = Release|Any CPU
		{AED81C42-FC20-449B-BCC8-F9A531CF977E}.Release|Any CPU.Build.0 = Release|Any CPU
		{181B7FE6-9449-4D6C-A4B0-76C187A2C278}.Debug|Any CPU.ActiveCfg = Debug|Any CPU
		{181B7FE6-9449-4D6C-A4B0-76C187A2C278}.Debug|Any CPU.Build.0 = Debug|Any CPU
		{181B7FE6-9449-4D6C-A4B0-76C187A2C278}.Release|Any CPU.ActiveCfg = Release|Any CPU
		{181B7FE6-9449-4D6C-A4B0-76C187A2C278}.Release|Any CPU.Build.0 = Release|Any CPU
		{94642602-F97A-4C92-AE4F-BEF69169B1DD}.Debug|Any CPU.ActiveCfg = Debug|Any CPU
		{94642602-F97A-4C92-AE4F-BEF69169B1DD}.Debug|Any CPU.Build.0 = Debug|Any CPU
		{94642602-F97A-4C92-AE4F-BEF69169B1DD}.Release|Any CPU.ActiveCfg = Release|Any CPU
		{94642602-F97A-4C92-AE4F-BEF69169B1DD}.Release|Any CPU.Build.0 = Release|Any CPU
		{CF2EB6FA-7463-4B1A-8883-733E8EEF692D}.Debug|Any CPU.ActiveCfg = Debug|Any CPU
		{CF2EB6FA-7463-4B1A-8883-733E8EEF692D}.Debug|Any CPU.Build.0 = Debug|Any CPU
		{CF2EB6FA-7463-4B1A-8883-733E8EEF692D}.Release|Any CPU.ActiveCfg = Release|Any CPU
		{CF2EB6FA-7463-4B1A-8883-733E8EEF692D}.Release|Any CPU.Build.0 = Release|Any CPU
	EndGlobalSection
	GlobalSection(SolutionProperties) = preSolution
		HideSolutionNode = FALSE
	EndGlobalSection
EndGlobal
